// !$*UTF8*$!
{
	archiveVersion = 1;
	classes = {
	};
	objectVersion = 56;
	objects = {

/* Begin PBXBuildFile section */
		1819CA1E2AD126C8001DE2D5 /* AppDelegate.swift in Sources */ = {isa = PBXBuildFile; fileRef = 1819CA1D2AD126C8001DE2D5 /* AppDelegate.swift */; };
		1819CA202AD126C8001DE2D5 /* SceneDelegate.swift in Sources */ = {isa = PBXBuildFile; fileRef = 1819CA1F2AD126C8001DE2D5 /* SceneDelegate.swift */; };
		1819CA222AD126C8001DE2D5 /* ViewController.swift in Sources */ = {isa = PBXBuildFile; fileRef = 1819CA212AD126C8001DE2D5 /* ViewController.swift */; };
		1819CA252AD126C8001DE2D5 /* Main.storyboard in Resources */ = {isa = PBXBuildFile; fileRef = 1819CA232AD126C8001DE2D5 /* Main.storyboard */; };
		1819CA272AD126CA001DE2D5 /* Assets.xcassets in Resources */ = {isa = PBXBuildFile; fileRef = 1819CA262AD126CA001DE2D5 /* Assets.xcassets */; };
		1819CA2A2AD126CA001DE2D5 /* LaunchScreen.storyboard in Resources */ = {isa = PBXBuildFile; fileRef = 1819CA282AD126CA001DE2D5 /* LaunchScreen.storyboard */; };
		1819CA352AD126CA001DE2D5 /* ShareVideoTests.swift in Sources */ = {isa = PBXBuildFile; fileRef = 1819CA342AD126CA001DE2D5 /* ShareVideoTests.swift */; };
		1819CA3F2AD126CA001DE2D5 /* ShareVideoUITests.swift in Sources */ = {isa = PBXBuildFile; fileRef = 1819CA3E2AD126CA001DE2D5 /* ShareVideoUITests.swift */; };
		1819CA412AD126CA001DE2D5 /* ShareVideoUITestsLaunchTests.swift in Sources */ = {isa = PBXBuildFile; fileRef = 1819CA402AD126CA001DE2D5 /* ShareVideoUITestsLaunchTests.swift */; };
/* End PBXBuildFile section */

/* Begin PBXContainerItemProxy section */
		1819CA312AD126CA001DE2D5 /* PBXContainerItemProxy */ = {
			isa = PBXContainerItemProxy;
			containerPortal = 1819CA122AD126C8001DE2D5 /* Project object */;
			proxyType = 1;
			remoteGlobalIDString = 1819CA192AD126C8001DE2D5;
			remoteInfo = ShareVideo;
		};
		1819CA3B2AD126CA001DE2D5 /* PBXContainerItemProxy */ = {
			isa = PBXContainerItemProxy;
			containerPortal = 1819CA122AD126C8001DE2D5 /* Project object */;
			proxyType = 1;
			remoteGlobalIDString = 1819CA192AD126C8001DE2D5;
			remoteInfo = ShareVideo;
		};
/* End PBXContainerItemProxy section */

/* Begin PBXFileReference section */
		1819CA1A2AD126C8001DE2D5 /* ShareVideo.app */ = {isa = PBXFileReference; explicitFileType = wrapper.application; includeInIndex = 0; path = ShareVideo.app; sourceTree = BUILT_PRODUCTS_DIR; };
		1819CA1D2AD126C8001DE2D5 /* AppDelegate.swift */ = {isa = PBXFileReference; lastKnownFileType = sourcecode.swift; path = AppDelegate.swift; sourceTree = "<group>"; };
		1819CA1F2AD126C8001DE2D5 /* SceneDelegate.swift */ = {isa = PBXFileReference; lastKnownFileType = sourcecode.swift; path = SceneDelegate.swift; sourceTree = "<group>"; };
		1819CA212AD126C8001DE2D5 /* ViewController.swift */ = {isa = PBXFileReference; lastKnownFileType = sourcecode.swift; path = ViewController.swift; sourceTree = "<group>"; };
		1819CA242AD126C8001DE2D5 /* Base */ = {isa = PBXFileReference; lastKnownFileType = file.storyboard; name = Base; path = Base.lproj/Main.storyboard; sourceTree = "<group>"; };
		1819CA262AD126CA001DE2D5 /* Assets.xcassets */ = {isa = PBXFileReference; lastKnownFileType = folder.assetcatalog; path = Assets.xcassets; sourceTree = "<group>"; };
		1819CA292AD126CA001DE2D5 /* Base */ = {isa = PBXFileReference; lastKnownFileType = file.storyboard; name = Base; path = Base.lproj/LaunchScreen.storyboard; sourceTree = "<group>"; };
		1819CA2B2AD126CA001DE2D5 /* Info.plist */ = {isa = PBXFileReference; lastKnownFileType = text.plist.xml; path = Info.plist; sourceTree = "<group>"; };
		1819CA302AD126CA001DE2D5 /* ShareVideoTests.xctest */ = {isa = PBXFileReference; explicitFileType = wrapper.cfbundle; includeInIndex = 0; path = ShareVideoTests.xctest; sourceTree = BUILT_PRODUCTS_DIR; };
		1819CA342AD126CA001DE2D5 /* ShareVideoTests.swift */ = {isa = PBXFileReference; lastKnownFileType = sourcecode.swift; path = ShareVideoTests.swift; sourceTree = "<group>"; };
		1819CA3A2AD126CA001DE2D5 /* ShareVideoUITests.xctest */ = {isa = PBXFileReference; explicitFileType = wrapper.cfbundle; includeInIndex = 0; path = ShareVideoUITests.xctest; sourceTree = BUILT_PRODUCTS_DIR; };
		1819CA3E2AD126CA001DE2D5 /* ShareVideoUITests.swift */ = {isa = PBXFileReference; lastKnownFileType = sourcecode.swift; path = ShareVideoUITests.swift; sourceTree = "<group>"; };
		1819CA402AD126CA001DE2D5 /* ShareVideoUITestsLaunchTests.swift */ = {isa = PBXFileReference; lastKnownFileType = sourcecode.swift; path = ShareVideoUITestsLaunchTests.swift; sourceTree = "<group>"; };
/* End PBXFileReference section */

/* Begin PBXFrameworksBuildPhase section */
		1819CA172AD126C8001DE2D5 /* Frameworks */ = {
			isa = PBXFrameworksBuildPhase;
			buildActionMask = 2147483647;
			files = (
			);
			runOnlyForDeploymentPostprocessing = 0;
		};
		1819CA2D2AD126CA001DE2D5 /* Frameworks */ = {
			isa = PBXFrameworksBuildPhase;
			buildActionMask = 2147483647;
			files = (
			);
			runOnlyForDeploymentPostprocessing = 0;
		};
		1819CA372AD126CA001DE2D5 /* Frameworks */ = {
			isa = PBXFrameworksBuildPhase;
			buildActionMask = 2147483647;
			files = (
			);
			runOnlyForDeploymentPostprocessing = 0;
		};
/* End PBXFrameworksBuildPhase section */

/* Begin PBXGroup section */
		1819CA112AD126C8001DE2D5 = {
			isa = PBXGroup;
			children = (
				1819CA1C2AD126C8001DE2D5 /* ShareVideo */,
				1819CA332AD126CA001DE2D5 /* ShareVideoTests */,
				1819CA3D2AD126CA001DE2D5 /* ShareVideoUITests */,
				1819CA1B2AD126C8001DE2D5 /* Products */,
			);
			sourceTree = "<group>";
		};
		1819CA1B2AD126C8001DE2D5 /* Products */ = {
			isa = PBXGroup;
			children = (
				1819CA1A2AD126C8001DE2D5 /* ShareVideo.app */,
				1819CA302AD126CA001DE2D5 /* ShareVideoTests.xctest */,
				1819CA3A2AD126CA001DE2D5 /* ShareVideoUITests.xctest */,
			);
			name = Products;
			sourceTree = "<group>";
		};
		1819CA1C2AD126C8001DE2D5 /* ShareVideo */ = {
			isa = PBXGroup;
			children = (
				1819CA1D2AD126C8001DE2D5 /* AppDelegate.swift */,
				1819CA1F2AD126C8001DE2D5 /* SceneDelegate.swift */,
				1819CA212AD126C8001DE2D5 /* ViewController.swift */,
				1819CA232AD126C8001DE2D5 /* Main.storyboard */,
				1819CA262AD126CA001DE2D5 /* Assets.xcassets */,
				1819CA282AD126CA001DE2D5 /* LaunchScreen.storyboard */,
				1819CA2B2AD126CA001DE2D5 /* Info.plist */,
			);
			path = ShareVideo;
			sourceTree = "<group>";
		};
		1819CA332AD126CA001DE2D5 /* ShareVideoTests */ = {
			isa = PBXGroup;
			children = (
				1819CA342AD126CA001DE2D5 /* ShareVideoTests.swift */,
			);
			path = ShareVideoTests;
			sourceTree = "<group>";
		};
		1819CA3D2AD126CA001DE2D5 /* ShareVideoUITests */ = {
			isa = PBXGroup;
			children = (
				1819CA3E2AD126CA001DE2D5 /* ShareVideoUITests.swift */,
				1819CA402AD126CA001DE2D5 /* ShareVideoUITestsLaunchTests.swift */,
			);
			path = ShareVideoUITests;
			sourceTree = "<group>";
		};
/* End PBXGroup section */

/* Begin PBXNativeTarget section */
		1819CA192AD126C8001DE2D5 /* ShareVideo */ = {
			isa = PBXNativeTarget;
			buildConfigurationList = 1819CA442AD126CA001DE2D5 /* Build configuration list for PBXNativeTarget "ShareVideo" */;
			buildPhases = (
				1819CA162AD126C8001DE2D5 /* Sources */,
				1819CA172AD126C8001DE2D5 /* Frameworks */,
				1819CA182AD126C8001DE2D5 /* Resources */,
			);
			buildRules = (
			);
			dependencies = (
			);
			name = ShareVideo;
			productName = ShareVideo;
			productReference = 1819CA1A2AD126C8001DE2D5 /* ShareVideo.app */;
			productType = "com.apple.product-type.application";
		};
		1819CA2F2AD126CA001DE2D5 /* ShareVideoTests */ = {
			isa = PBXNativeTarget;
			buildConfigurationList = 1819CA472AD126CA001DE2D5 /* Build configuration list for PBXNativeTarget "ShareVideoTests" */;
			buildPhases = (
				1819CA2C2AD126CA001DE2D5 /* Sources */,
				1819CA2D2AD126CA001DE2D5 /* Frameworks */,
				1819CA2E2AD126CA001DE2D5 /* Resources */,
			);
			buildRules = (
			);
			dependencies = (
				1819CA322AD126CA001DE2D5 /* PBXTargetDependency */,
			);
			name = ShareVideoTests;
			productName = ShareVideoTests;
			productReference = 1819CA302AD126CA001DE2D5 /* ShareVideoTests.xctest */;
			productType = "com.apple.product-type.bundle.unit-test";
		};
		1819CA392AD126CA001DE2D5 /* ShareVideoUITests */ = {
			isa = PBXNativeTarget;
			buildConfigurationList = 1819CA4A2AD126CA001DE2D5 /* Build configuration list for PBXNativeTarget "ShareVideoUITests" */;
			buildPhases = (
				1819CA362AD126CA001DE2D5 /* Sources */,
				1819CA372AD126CA001DE2D5 /* Frameworks */,
				1819CA382AD126CA001DE2D5 /* Resources */,
			);
			buildRules = (
			);
			dependencies = (
				1819CA3C2AD126CA001DE2D5 /* PBXTargetDependency */,
			);
			name = ShareVideoUITests;
			productName = ShareVideoUITests;
			productReference = 1819CA3A2AD126CA001DE2D5 /* ShareVideoUITests.xctest */;
			productType = "com.apple.product-type.bundle.ui-testing";
		};
/* End PBXNativeTarget section */

/* Begin PBXProject section */
		1819CA122AD126C8001DE2D5 /* Project object */ = {
			isa = PBXProject;
			attributes = {
				BuildIndependentTargetsInParallel = 1;
				LastSwiftUpdateCheck = 1420;
				LastUpgradeCheck = 1420;
				TargetAttributes = {
					1819CA192AD126C8001DE2D5 = {
						CreatedOnToolsVersion = 14.2;
					};
					1819CA2F2AD126CA001DE2D5 = {
						CreatedOnToolsVersion = 14.2;
						TestTargetID = 1819CA192AD126C8001DE2D5;
					};
					1819CA392AD126CA001DE2D5 = {
						CreatedOnToolsVersion = 14.2;
						TestTargetID = 1819CA192AD126C8001DE2D5;
					};
				};
			};
			buildConfigurationList = 1819CA152AD126C8001DE2D5 /* Build configuration list for PBXProject "ShareVideo" */;
			compatibilityVersion = "Xcode 14.0";
			developmentRegion = en;
			hasScannedForEncodings = 0;
			knownRegions = (
				en,
				Base,
			);
			mainGroup = 1819CA112AD126C8001DE2D5;
			productRefGroup = 1819CA1B2AD126C8001DE2D5 /* Products */;
			projectDirPath = "";
			projectRoot = "";
			targets = (
				1819CA192AD126C8001DE2D5 /* ShareVideo */,
				1819CA2F2AD126CA001DE2D5 /* ShareVideoTests */,
				1819CA392AD126CA001DE2D5 /* ShareVideoUITests */,
			);
		};
/* End PBXProject section */

/* Begin PBXResourcesBuildPhase section */
		1819CA182AD126C8001DE2D5 /* Resources */ = {
			isa = PBXResourcesBuildPhase;
			buildActionMask = 2147483647;
			files = (
				1819CA2A2AD126CA001DE2D5 /* LaunchScreen.storyboard in Resources */,
				1819CA272AD126CA001DE2D5 /* Assets.xcassets in Resources */,
				1819CA252AD126C8001DE2D5 /* Main.storyboard in Resources */,
			);
			runOnlyForDeploymentPostprocessing = 0;
		};
		1819CA2E2AD126CA001DE2D5 /* Resources */ = {
			isa = PBXResourcesBuildPhase;
			buildActionMask = 2147483647;
			files = (
			);
			runOnlyForDeploymentPostprocessing = 0;
		};
		1819CA382AD126CA001DE2D5 /* Resources */ = {
			isa = PBXResourcesBuildPhase;
			buildActionMask = 2147483647;
			files = (
			);
			runOnlyForDeploymentPostprocessing = 0;
		};
/* End PBXResourcesBuildPhase section */

/* Begin PBXSourcesBuildPhase section */
		1819CA162AD126C8001DE2D5 /* Sources */ = {
			isa = PBXSourcesBuildPhase;
			buildActionMask = 2147483647;
			files = (
				1819CA222AD126C8001DE2D5 /* ViewController.swift in Sources */,
				1819CA1E2AD126C8001DE2D5 /* AppDelegate.swift in Sources */,
				1819CA202AD126C8001DE2D5 /* SceneDelegate.swift in Sources */,
			);
			runOnlyForDeploymentPostprocessing = 0;
		};
		1819CA2C2AD126CA001DE2D5 /* Sources */ = {
			isa = PBXSourcesBuildPhase;
			buildActionMask = 2147483647;
			files = (
				1819CA352AD126CA001DE2D5 /* ShareVideoTests.swift in Sources */,
			);
			runOnlyForDeploymentPostprocessing = 0;
		};
		1819CA362AD126CA001DE2D5 /* Sources */ = {
			isa = PBXSourcesBuildPhase;
			buildActionMask = 2147483647;
			files = (
				1819CA412AD126CA001DE2D5 /* ShareVideoUITestsLaunchTests.swift in Sources */,
				1819CA3F2AD126CA001DE2D5 /* ShareVideoUITests.swift in Sources */,
			);
			runOnlyForDeploymentPostprocessing = 0;
		};
/* End PBXSourcesBuildPhase section */

/* Begin PBXTargetDependency section */
		1819CA322AD126CA001DE2D5 /* PBXTargetDependency */ = {
			isa = PBXTargetDependency;
			target = 1819CA192AD126C8001DE2D5 /* ShareVideo */;
			targetProxy = 1819CA312AD126CA001DE2D5 /* PBXContainerItemProxy */;
		};
		1819CA3C2AD126CA001DE2D5 /* PBXTargetDependency */ = {
			isa = PBXTargetDependency;
			target = 1819CA192AD126C8001DE2D5 /* ShareVideo */;
			targetProxy = 1819CA3B2AD126CA001DE2D5 /* PBXContainerItemProxy */;
		};
/* End PBXTargetDependency section */

/* Begin PBXVariantGroup section */
		1819CA232AD126C8001DE2D5 /* Main.storyboard */ = {
			isa = PBXVariantGroup;
			children = (
				1819CA242AD126C8001DE2D5 /* Base */,
			);
			name = Main.storyboard;
			sourceTree = "<group>";
		};
		1819CA282AD126CA001DE2D5 /* LaunchScreen.storyboard */ = {
			isa = PBXVariantGroup;
			children = (
				1819CA292AD126CA001DE2D5 /* Base */,
			);
			name = LaunchScreen.storyboard;
			sourceTree = "<group>";
		};
/* End PBXVariantGroup section */

/* Begin XCBuildConfiguration section */
		1819CA422AD126CA001DE2D5 /* Debug */ = {
			isa = XCBuildConfiguration;
			buildSettings = {
				ALWAYS_SEARCH_USER_PATHS = NO;
				CLANG_ANALYZER_NONNULL = YES;
				CLANG_ANALYZER_NUMBER_OBJECT_CONVERSION = YES_AGGRESSIVE;
				CLANG_CXX_LANGUAGE_STANDARD = "gnu++20";
				CLANG_ENABLE_MODULES = YES;
				CLANG_ENABLE_OBJC_ARC = YES;
				CLANG_ENABLE_OBJC_WEAK = YES;
				CLANG_WARN_BLOCK_CAPTURE_AUTORELEASING = YES;
				CLANG_WARN_BOOL_CONVERSION = YES;
				CLANG_WARN_COMMA = YES;
				CLANG_WARN_CONSTANT_CONVERSION = YES;
				CLANG_WARN_DEPRECATED_OBJC_IMPLEMENTATIONS = YES;
				CLANG_WARN_DIRECT_OBJC_ISA_USAGE = YES_ERROR;
				CLANG_WARN_DOCUMENTATION_COMMENTS = YES;
				CLANG_WARN_EMPTY_BODY = YES;
				CLANG_WARN_ENUM_CONVERSION = YES;
				CLANG_WARN_INFINITE_RECURSION = YES;
				CLANG_WARN_INT_CONVERSION = YES;
				CLANG_WARN_NON_LITERAL_NULL_CONVERSION = YES;
				CLANG_WARN_OBJC_IMPLICIT_RETAIN_SELF = YES;
				CLANG_WARN_OBJC_LITERAL_CONVERSION = YES;
				CLANG_WARN_OBJC_ROOT_CLASS = YES_ERROR;
				CLANG_WARN_QUOTED_INCLUDE_IN_FRAMEWORK_HEADER = YES;
				CLANG_WARN_RANGE_LOOP_ANALYSIS = YES;
				CLANG_WARN_STRICT_PROTOTYPES = YES;
				CLANG_WARN_SUSPICIOUS_MOVE = YES;
				CLANG_WARN_UNGUARDED_AVAILABILITY = YES_AGGRESSIVE;
				CLANG_WARN_UNREACHABLE_CODE = YES;
				CLANG_WARN__DUPLICATE_METHOD_MATCH = YES;
				COPY_PHASE_STRIP = NO;
				DEBUG_INFORMATION_FORMAT = dwarf;
				ENABLE_STRICT_OBJC_MSGSEND = YES;
				ENABLE_TESTABILITY = YES;
				GCC_C_LANGUAGE_STANDARD = gnu11;
				GCC_DYNAMIC_NO_PIC = NO;
				GCC_NO_COMMON_BLOCKS = YES;
				GCC_OPTIMIZATION_LEVEL = 0;
				GCC_PREPROCESSOR_DEFINITIONS = (
					"DEBUG=1",
					"$(inherited)",
				);
				GCC_WARN_64_TO_32_BIT_CONVERSION = YES;
				GCC_WARN_ABOUT_RETURN_TYPE = YES_ERROR;
				GCC_WARN_UNDECLARED_SELECTOR = YES;
				GCC_WARN_UNINITIALIZED_AUTOS = YES_AGGRESSIVE;
				GCC_WARN_UNUSED_FUNCTION = YES;
				GCC_WARN_UNUSED_VARIABLE = YES;
				IPHONEOS_DEPLOYMENT_TARGET = 16.2;
				MTL_ENABLE_DEBUG_INFO = INCLUDE_SOURCE;
				MTL_FAST_MATH = YES;
				ONLY_ACTIVE_ARCH = YES;
				SDKROOT = iphoneos;
				SWIFT_ACTIVE_COMPILATION_CONDITIONS = DEBUG;
				SWIFT_OPTIMIZATION_LEVEL = "-Onone";
			};
			name = Debug;
		};
		1819CA432AD126CA001DE2D5 /* Release */ = {
			isa = XCBuildConfiguration;
			buildSettings = {
				ALWAYS_SEARCH_USER_PATHS = NO;
				CLANG_ANALYZER_NONNULL = YES;
				CLANG_ANALYZER_NUMBER_OBJECT_CONVERSION = YES_AGGRESSIVE;
				CLANG_CXX_LANGUAGE_STANDARD = "gnu++20";
				CLANG_ENABLE_MODULES = YES;
				CLANG_ENABLE_OBJC_ARC = YES;
				CLANG_ENABLE_OBJC_WEAK = YES;
				CLANG_WARN_BLOCK_CAPTURE_AUTORELEASING = YES;
				CLANG_WARN_BOOL_CONVERSION = YES;
				CLANG_WARN_COMMA = YES;
				CLANG_WARN_CONSTANT_CONVERSION = YES;
				CLANG_WARN_DEPRECATED_OBJC_IMPLEMENTATIONS = YES;
				CLANG_WARN_DIRECT_OBJC_ISA_USAGE = YES_ERROR;
				CLANG_WARN_DOCUMENTATION_COMMENTS = YES;
				CLANG_WARN_EMPTY_BODY = YES;
				CLANG_WARN_ENUM_CONVERSION = YES;
				CLANG_WARN_INFINITE_RECURSION = YES;
				CLANG_WARN_INT_CONVERSION = YES;
				CLANG_WARN_NON_LITERAL_NULL_CONVERSION = YES;
				CLANG_WARN_OBJC_IMPLICIT_RETAIN_SELF = YES;
				CLANG_WARN_OBJC_LITERAL_CONVERSION = YES;
				CLANG_WARN_OBJC_ROOT_CLASS = YES_ERROR;
				CLANG_WARN_QUOTED_INCLUDE_IN_FRAMEWORK_HEADER = YES;
				CLANG_WARN_RANGE_LOOP_ANALYSIS = YES;
				CLANG_WARN_STRICT_PROTOTYPES = YES;
				CLANG_WARN_SUSPICIOUS_MOVE = YES;
				CLANG_WARN_UNGUARDED_AVAILABILITY = YES_AGGRESSIVE;
				CLANG_WARN_UNREACHABLE_CODE = YES;
				CLANG_WARN__DUPLICATE_METHOD_MATCH = YES;
				COPY_PHASE_STRIP = NO;
				DEBUG_INFORMATION_FORMAT = "dwarf-with-dsym";
				ENABLE_NS_ASSERTIONS = NO;
				ENABLE_STRICT_OBJC_MSGSEND = YES;
				GCC_C_LANGUAGE_STANDARD = gnu11;
				GCC_NO_COMMON_BLOCKS = YES;
				GCC_WARN_64_TO_32_BIT_CONVERSION = YES;
				GCC_WARN_ABOUT_RETURN_TYPE = YES_ERROR;
				GCC_WARN_UNDECLARED_SELECTOR = YES;
				GCC_WARN_UNINITIALIZED_AUTOS = YES_AGGRESSIVE;
				GCC_WARN_UNUSED_FUNCTION = YES;
				GCC_WARN_UNUSED_VARIABLE = YES;
				IPHONEOS_DEPLOYMENT_TARGET = 16.2;
				MTL_ENABLE_DEBUG_INFO = NO;
				MTL_FAST_MATH = YES;
				SDKROOT = iphoneos;
				SWIFT_COMPILATION_MODE = wholemodule;
				SWIFT_OPTIMIZATION_LEVEL = "-O";
				VALIDATE_PRODUCT = YES;
			};
			name = Release;
		};
		1819CA452AD126CA001DE2D5 /* Debug */ = {
			isa = XCBuildConfiguration;
			buildSettings = {
				ASSETCATALOG_COMPILER_APPICON_NAME = AppIcon;
				ASSETCATALOG_COMPILER_GLOBAL_ACCENT_COLOR_NAME = AccentColor;
				CODE_SIGN_STYLE = Automatic;
				CURRENT_PROJECT_VERSION = 1;
				DEVELOPMENT_TEAM = YJH2CPLUA3;
				GENERATE_INFOPLIST_FILE = YES;
				INFOPLIST_FILE = ShareVideo/Info.plist;
				INFOPLIST_KEY_UIApplicationSupportsIndirectInputEvents = YES;
				INFOPLIST_KEY_UILaunchStoryboardName = LaunchScreen;
				INFOPLIST_KEY_UIMainStoryboardFile = Main;
				INFOPLIST_KEY_UISupportedInterfaceOrientations_iPad = "UIInterfaceOrientationPortrait UIInterfaceOrientationPortraitUpsideDown UIInterfaceOrientationLandscapeLeft UIInterfaceOrientationLandscapeRight";
				INFOPLIST_KEY_UISupportedInterfaceOrientations_iPhone = "UIInterfaceOrientationPortrait UIInterfaceOrientationLandscapeLeft UIInterfaceOrientationLandscapeRight";
				LD_RUNPATH_SEARCH_PATHS = (
					"$(inherited)",
					"@executable_path/Frameworks",
				);
				MARKETING_VERSION = 1.0;
				PRODUCT_BUNDLE_IDENTIFIER = com.newtest.ShareVideo;
				PRODUCT_NAME = "$(TARGET_NAME)";
				SWIFT_EMIT_LOC_STRINGS = YES;
				SWIFT_VERSION = 5.0;
				TARGETED_DEVICE_FAMILY = "1,2";
			};
			name = Debug;
		};
		1819CA462AD126CA001DE2D5 /* Release */ = {
			isa = XCBuildConfiguration;
			buildSettings = {
				ASSETCATALOG_COMPILER_APPICON_NAME = AppIcon;
				ASSETCATALOG_COMPILER_GLOBAL_ACCENT_COLOR_NAME = AccentColor;
				CODE_SIGN_STYLE = Automatic;
				CURRENT_PROJECT_VERSION = 1;
				DEVELOPMENT_TEAM = YJH2CPLUA3;
				GENERATE_INFOPLIST_FILE = YES;
				INFOPLIST_FILE = ShareVideo/Info.plist;
				INFOPLIST_KEY_UIApplicationSupportsIndirectInputEvents = YES;
				INFOPLIST_KEY_UILaunchStoryboardName = LaunchScreen;
				INFOPLIST_KEY_UIMainStoryboardFile = Main;
				INFOPLIST_KEY_UISupportedInterfaceOrientations_iPad = "UIInterfaceOrientationPortrait UIInterfaceOrientationPortraitUpsideDown UIInterfaceOrientationLandscapeLeft UIInterfaceOrientationLandscapeRight";
				INFOPLIST_KEY_UISupportedInterfaceOrientations_iPhone = "UIInterfaceOrientationPortrait UIInterfaceOrientationLandscapeLeft UIInterfaceOrientationLandscapeRight";
				LD_RUNPATH_SEARCH_PATHS = (
					"$(inherited)",
					"@executable_path/Frameworks",
				);
				MARKETING_VERSION = 1.0;
				PRODUCT_BUNDLE_IDENTIFIER = com.newtest.ShareVideo;
				PRODUCT_NAME = "$(TARGET_NAME)";
				SWIFT_EMIT_LOC_STRINGS = YES;
				SWIFT_VERSION = 5.0;
				TARGETED_DEVICE_FAMILY = "1,2";
			};
			name = Release;
		};
		1819CA482AD126CA001DE2D5 /* Debug */ = {
			isa = XCBuildConfiguration;
			buildSettings = {
				ALWAYS_EMBED_SWIFT_STANDARD_LIBRARIES = YES;
				BUNDLE_LOADER = "$(TEST_HOST)";
				CODE_SIGN_STYLE = Automatic;
				CURRENT_PROJECT_VERSION = 1;
				DEVELOPMENT_TEAM = YJH2CPLUA3;
				GENERATE_INFOPLIST_FILE = YES;
				IPHONEOS_DEPLOYMENT_TARGET = 16.2;
				MARKETING_VERSION = 1.0;
				PRODUCT_BUNDLE_IDENTIFIER = com.newtest.ShareVideoTests;
				PRODUCT_NAME = "$(TARGET_NAME)";
				SWIFT_EMIT_LOC_STRINGS = NO;
				SWIFT_VERSION = 5.0;
				TARGETED_DEVICE_FAMILY = "1,2";
				TEST_HOST = "$(BUILT_PRODUCTS_DIR)/ShareVideo.app/$(BUNDLE_EXECUTABLE_FOLDER_PATH)/ShareVideo";
			};
			name = Debug;
		};
		1819CA492AD126CA001DE2D5 /* Release */ = {
			isa = XCBuildConfiguration;
			buildSettings = {
				ALWAYS_EMBED_SWIFT_STANDARD_LIBRARIES = YES;
				BUNDLE_LOADER = "$(TEST_HOST)";
				CODE_SIGN_STYLE = Automatic;
				CURRENT_PROJECT_VERSION = 1;
				DEVELOPMENT_TEAM = YJH2CPLUA3;
				GENERATE_INFOPLIST_FILE = YES;
				IPHONEOS_DEPLOYMENT_TARGET = 16.2;
				MARKETING_VERSION = 1.0;
				PRODUCT_BUNDLE_IDENTIFIER = com.newtest.ShareVideoTests;
				PRODUCT_NAME = "$(TARGET_NAME)";
				SWIFT_EMIT_LOC_STRINGS = NO;
				SWIFT_VERSION = 5.0;
				TARGETED_DEVICE_FAMILY = "1,2";
				TEST_HOST = "$(BUILT_PRODUCTS_DIR)/ShareVideo.app/$(BUNDLE_EXECUTABLE_FOLDER_PATH)/ShareVideo";
			};
			name = Release;
		};
		1819CA4B2AD126CA001DE2D5 /* Debug */ = {
			isa = XCBuildConfiguration;
			buildSettings = {
				ALWAYS_EMBED_SWIFT_STANDARD_LIBRARIES = YES;
				CODE_SIGN_STYLE = Automatic;
				CURRENT_PROJECT_VERSION = 1;
				DEVELOPMENT_TEAM = YJH2CPLUA3;
				GENERATE_INFOPLIST_FILE = YES;
				MARKETING_VERSION = 1.0;
				PRODUCT_BUNDLE_IDENTIFIER = com.newtest.ShareVideoUITests;
				PRODUCT_NAME = "$(TARGET_NAME)";
				SWIFT_EMIT_LOC_STRINGS = NO;
				SWIFT_VERSION = 5.0;
				TARGETED_DEVICE_FAMILY = "1,2";
				TEST_TARGET_NAME = ShareVideo;
			};
			name = Debug;
		};
		1819CA4C2AD126CA001DE2D5 /* Release */ = {
			isa = XCBuildConfiguration;
			buildSettings = {
				ALWAYS_EMBED_SWIFT_STANDARD_LIBRARIES = YES;
				CODE_SIGN_STYLE = Automatic;
				CURRENT_PROJECT_VERSION = 1;
				DEVELOPMENT_TEAM = YJH2CPLUA3;
				GENERATE_INFOPLIST_FILE = YES;
				MARKETING_VERSION = 1.0;
				PRODUCT_BUNDLE_IDENTIFIER = com.newtest.ShareVideoUITests;
				PRODUCT_NAME = "$(TARGET_NAME)";
				SWIFT_EMIT_LOC_STRINGS = NO;
				SWIFT_VERSION = 5.0;
				TARGETED_DEVICE_FAMILY = "1,2";
				TEST_TARGET_NAME = ShareVideo;
			};
			name = Release;
		};
/* End XCBuildConfiguration section */

/* Begin XCConfigurationList section */
		1819CA152AD126C8001DE2D5 /* Build configuration list for PBXProject "ShareVideo" */ = {
			isa = XCConfigurationList;
			buildConfigurations = (
				1819CA422AD126CA001DE2D5 /* Debug */,
				1819CA432AD126CA001DE2D5 /* Release */,
			);
			defaultConfigurationIsVisible = 0;
			defaultConfigurationName = Release;
		};
		1819CA442AD126CA001DE2D5 /* Build configuration list for PBXNativeTarget "ShareVideo" */ = {
			isa = XCConfigurationList;
			buildConfigurations = (
				1819CA452AD126CA001DE2D5 /* Debug */,
				1819CA462AD126CA001DE2D5 /* Release */,
			);
			defaultConfigurationIsVisible = 0;
			defaultConfigurationName = Release;
		};
		1819CA472AD126CA001DE2D5 /* Build configuration list for PBXNativeTarget "ShareVideoTests" */ = {
			isa = XCConfigurationList;
			buildConfigurations = (
				1819CA482AD126CA001DE2D5 /* Debug */,
				1819CA492AD126CA001DE2D5 /* Release */,
			);
			defaultConfigurationIsVisible = 0;
			defaultConfigurationName = Release;
		};
		1819CA4A2AD126CA001DE2D5 /* Build configuration list for PBXNativeTarget "ShareVideoUITests" */ = {
			isa = XCConfigurationList;
			buildConfigurations = (
				1819CA4B2AD126CA001DE2D5 /* Debug */,
				1819CA4C2AD126CA001DE2D5 /* Release */,
			);
			defaultConfigurationIsVisible = 0;
			defaultConfigurationName = Release;
		};
/* End XCConfigurationList section */
	};
	rootObject = 1819CA122AD126C8001DE2D5 /* Project object */;
}
